
Microsoft Visual Studio Solution File, Format Version 12.00
# Visual Studio Version 17
VisualStudioVersion = 17.8.34227.203
MinimumVisualStudioVersion = 10.0.40219.1
Project("{FAE04EC0-301F-11D3-BF4B-00C04F79EFBC}") = "FlyingLogs", "FlyingLogs\FlyingLogs\FlyingLogs.csproj", "{715AAA93-7DC6-49C8-A81B-D7124FF0A968}"
EndProject
Project("{FAE04EC0-301F-11D3-BF4B-00C04F79EFBC}") = "FlyingLogs.CodeFixes", "FlyingLogs\FlyingLogs.CodeFixes\FlyingLogs.CodeFixes.csproj", "{495D299A-E550-4E69-B6DE-7E341C18DA0E}"
EndProject
Project("{FAE04EC0-301F-11D3-BF4B-00C04F79EFBC}") = "FlyingLogs.Package", "FlyingLogs\FlyingLogs.Package\FlyingLogs.Package.csproj", "{2632790E-5969-4096-B97A-E42444ED2AD1}"
EndProject
Project("{FAE04EC0-301F-11D3-BF4B-00C04F79EFBC}") = "FlyingLogs.Test", "FlyingLogs\FlyingLogs.Test\FlyingLogs.Test.csproj", "{3B361811-FA7E-4850-AD14-FFAFFCC2D223}"
EndProject
Project("{FAE04EC0-301F-11D3-BF4B-00C04F79EFBC}") = "FlyingLogs.Vsix", "FlyingLogs\FlyingLogs.Vsix\FlyingLogs.Vsix.csproj", "{64C2485B-3941-4AD3-BC18-A6E55E6F4EEE}"
EndProject
Global
	GlobalSection(SolutionConfigurationPlatforms) = preSolution
		Debug|Any CPU = Debug|Any CPU
		Release|Any CPU = Release|Any CPU
	EndGlobalSection
	GlobalSection(ProjectConfigurationPlatforms) = postSolution
		{715AAA93-7DC6-49C8-A81B-D7124FF0A968}.Debug|Any CPU.ActiveCfg = Debug|Any CPU
		{715AAA93-7DC6-49C8-A81B-D7124FF0A968}.Debug|Any CPU.Build.0 = Debug|Any CPU
		{715AAA93-7DC6-49C8-A81B-D7124FF0A968}.Release|Any CPU.ActiveCfg = Release|Any CPU
		{715AAA93-7DC6-49C8-A81B-D7124FF0A968}.Release|Any CPU.Build.0 = Release|Any CPU
		{495D299A-E550-4E69-B6DE-7E341C18DA0E}.Debug|Any CPU.ActiveCfg = Debug|Any CPU
		{495D299A-E550-4E69-B6DE-7E341C18DA0E}.Debug|Any CPU.Build.0 = Debug|Any CPU
		{495D299A-E550-4E69-B6DE-7E341C18DA0E}.Release|Any CPU.ActiveCfg = Release|Any CPU
		{495D299A-E550-4E69-B6DE-7E341C18DA0E}.Release|Any CPU.Build.0 = Release|Any CPU
		{2632790E-5969-4096-B97A-E42444ED2AD1}.Debug|Any CPU.ActiveCfg = Debug|Any CPU
		{2632790E-5969-4096-B97A-E42444ED2AD1}.Debug|Any CPU.Build.0 = Debug|Any CPU
		{2632790E-5969-4096-B97A-E42444ED2AD1}.Release|Any CPU.ActiveCfg = Release|Any CPU
		{2632790E-5969-4096-B97A-E42444ED2AD1}.Release|Any CPU.Build.0 = Release|Any CPU
		{3B361811-FA7E-4850-AD14-FFAFFCC2D223}.Debug|Any CPU.ActiveCfg = Debug|Any CPU
		{3B361811-FA7E-4850-AD14-FFAFFCC2D223}.Debug|Any CPU.Build.0 = Debug|Any CPU
		{3B361811-FA7E-4850-AD14-FFAFFCC2D223}.Release|Any CPU.ActiveCfg = Release|Any CPU
		{3B361811-FA7E-4850-AD14-FFAFFCC2D223}.Release|Any CPU.Build.0 = Release|Any CPU
		{64C2485B-3941-4AD3-BC18-A6E55E6F4EEE}.Debug|Any CPU.ActiveCfg = Debug|Any CPU
		{64C2485B-3941-4AD3-BC18-A6E55E6F4EEE}.Debug|Any CPU.Build.0 = Debug|Any CPU
		{64C2485B-3941-4AD3-BC18-A6E55E6F4EEE}.Release|Any CPU.ActiveCfg = Release|Any CPU
		{64C2485B-3941-4AD3-BC18-A6E55E6F4EEE}.Release|Any CPU.Build.0 = Release|Any CPU
	EndGlobalSection
	GlobalSection(SolutionProperties) = preSolution
		HideSolutionNode = FALSE
	EndGlobalSection
	GlobalSection(ExtensibilityGlobals) = postSolution
		SolutionGuid = {B910C8FB-4B38-4F38-AAA9-E6BE5D7BBDCC}
	EndGlobalSection
EndGlobal
